{
  "name": "openui-bench-official",
  "lockfileVersion": 3,
  "requires": true,
  "packages": {
    "": {
      "name": "openui-bench-official",
      "dependencies": {
        "@a2ui/web_core": "^0.10.6",
        "@json-render/core": "^0.19.0",
        "@json-render/react": "^0.19.0",
        "react": "^19.2.8",
        "react-dom": "^19.2.8",
        "tiktoken": "^1.0.22",
        "zod": "^4.4.3"
      }
    },
    "node_modules/@a2ui/web_core": {
      "version": "0.10.6",
      "resolved": "https://registry.npmjs.org/@a2ui/web_core/-/web_core-0.10.6.tgz",
      "integrity": "sha512-kTwir93Fk5eupl4FZ6CkhJDrisR2fnQgEIlDCTp06uzx2PvUhItbq1E+h7hFyeHGTu/NMci9Tqn7Is1IVRpufw==",
      "license": "Apache-2.0",
      "dependencies": {
        "@preact/signals-core": "^1.14.2",
        "date-fns": "^4.4.0",
        "zod": "^3.25.76",
        "zod-to-json-schema": "^3.25.2"
      }
    },
    "node_modules/@a2ui/web_core/node_modules/zod": {
      "version": "3.25.76",
      "resolved": "https://registry.npmjs.org/zod/-/zod-3.25.76.tgz",
      "integrity": "sha512-gzUt/qt81nXsFGKIFcC3YnfEAx5NkunCfnDlvuBSSFS02bcXu4Lmea0AFIUwbLWxWPx3d9p8S5QoaujKcNQxcQ==",
      "license": "MIT",
      "funding": {
        "url": "https://github.com/sponsors/colinhacks"
      }
    },
    "node_modules/@json-render/core": {
      "version": "0.19.0",
      "resolved": "https://registry.npmjs.org/@json-render/core/-/core-0.19.0.tgz",
      "integrity": "sha512-vvcyZ+10EDZKbEyB1J2kXOGfDaiZR2LurZGSqi2r5STHyKr+Te85DWaBxTwRGgM7U1LtIvNx85BzzjElRKoAIg==",
      "license": "Apache-2.0",
      "dependencies": {
        "zod": "^4.3.6"
      },
      "peerDependencies": {
        "zod": "^4.0.0"
      }
    },
    "node_modules/@json-render/react": {
      "version": "0.19.0",
      "resolved": "https://registry.npmjs.org/@json-render/react/-/react-0.19.0.tgz",
      "integrity": "sha512-kTW6b6cSNRrlEfCUf/69SLoLn+CufC968ruge9tnQlp9pDTGG/SK8pgM541FdgwMFA4zm3s5mpM3G8rdODKc/A==",
      "license": "Apache-2.0",
      "dependencies": {
        "@json-render/core": "0.19.0"
      },
      "peerDependencies": {
        "react": "^19.2.3"
      }
    },
    "node_modules/@preact/signals-core": {
      "version": "1.14.4",
      "resolved": "https://registry.npmjs.org/@preact/signals-core/-/signals-core-1.14.4.tgz",
      "integrity": "sha512-HNB6HYeYKhQbJ1aKl+YRjrS4+QWHLKX6qKoUsfS/m0vqzsVaEBiZiaKbG/e+NKk2ch5ALQr/ihWaMHxiCuuWHA==",
      "license": "MIT",
      "funding": {
        "type": "opencollective",
        "url": "https://opencollective.com/preact"
      }
    },
    "node_modules/date-fns": {
      "version": "4.4.0",
      "resolved": "https://registry.npmjs.org/date-fns/-/date-fns-4.4.0.tgz",
      "integrity": "sha512-+1UMbeh68lH1SegH83CGWwpb6OHHbpSgr3+s5Eww5M4CAgswBpoWS0AjTOfEJ33HiYKz1hdj/KTFprzXHmq/6w==",
      "license": "MIT",
      "funding": {
        "type": "github",
        "url": "https://github.com/sponsors/kossnocorp"
      }
    },
    "node_modules/react": {
      "version": "19.2.8",
      "resolved": "https://registry.npmjs.org/react/-/react-19.2.8.tgz",
      "integrity": "sha512-PWaYA1L/q9u2u7xYQi+Y3L3Yfnie7XyLeaJICV1MGD6LprsBxcAqGjYyr0eY3p+QdsA+x/Irkt4Qif8D63+Sbw==",
      "license": "MIT",
      "engines": {
        "node": ">=0.10.0"
      }
    },
    "node_modules/react-dom": {
      "version": "19.2.8",
      "resolved": "https://registry.npmjs.org/react-dom/-/react-dom-19.2.8.tgz",
      "integrity": "sha512-rVprimfGBG3DR+Tq0IQG2DT5PxKth1WIGDmj5yPmlzr4YBe7uyE+Du4oVqTDXZSHGGGXRtTJEGSSePyQCMBglQ==",
      "license": "MIT",
      "dependencies": {
        "scheduler": "^0.27.0"
      },
      "peerDependencies": {
        "react": "^19.2.8"
      }
    },
    "node_modules/scheduler": {
      "version": "0.27.0",
      "resolved": "https://registry.npmjs.org/scheduler/-/scheduler-0.27.0.tgz",
      "integrity": "sha512-eNv+WrVbKu1f3vbYJT/xtiF5syA5HPIMtf9IgY/nKg0sWqzAUEvqY/xm7OcZc/qafLx/iO9FgOmeSAp4v5ti/Q==",
      "license": "MIT"
    },
    "node_modules/tiktoken": {
      "version": "1.0.22",
      "resolved": "https://registry.npmjs.org/tiktoken/-/tiktoken-1.0.22.tgz",
      "integrity": "sha512-PKvy1rVF1RibfF3JlXBSP0Jrcw2uq3yXdgcEXtKTYn3QJ/cBRBHDnrJ5jHky+MENZ6DIPwNUGWpkVx+7joCpNA==",
      "license": "MIT"
    },
    "node_modules/zod": {
      "version": "4.4.3",
      "resolved": "https://registry.npmjs.org/zod/-/zod-4.4.3.tgz",
      "integrity": "sha512-ytENFjIJFl2UwYglde2jchW2Hwm4GJFLDiSXWdTrJQBIN9Fcyp7n4DhxJEiWNAJMV1/BqWfW/kkg71UDcHJyTQ==",
      "license": "MIT",
      "funding": {
        "url": "https://github.com/sponsors/colinhacks"
      }
    },
    "node_modules/zod-to-json-schema": {
      "version": "3.25.2",
      "resolved": "https://registry.npmjs.org/zod-to-json-schema/-/zod-to-json-schema-3.25.2.tgz",
      "integrity": "sha512-O/PgfnpT1xKSDeQYSCfRI5Gy3hPf91mKVDuYLUHZJMiDFptvP41MSnWofm8dnCm0256ZNfZIM7DSzuSMAFnjHA==",
      "license": "ISC",
      "peerDependencies": {
        "zod": "^3.25.28 || ^4"
      }
    }
  }
}
